{
  "name": "video component",
  "lockfileVersion": 3,
  "requires": true,
  "packages": {
    "": {
      "dependencies": {
        "@videojs/html": "^10.0.0-beta.11",
        "video.js": "^8.23.4"
      }
    },
    "node_modules/@babel/runtime": {
      "version": "7.28.6",
      "resolved": "https://registry.npmjs.org/@babel/runtime/-/runtime-7.28.6.tgz",
      "integrity": "sha512-05WQkdpL9COIMz4LjTxGpPNCdlpyimKppYNoJ5Di5EUObifl8t4tuLuUBBZEpoLYOmfvIWrsp9fCl0HoPRVTdA==",
      "license": "MIT",
      "engines": {
        "node": ">=6.9.0"
      }
    },
    "node_modules/@lit-labs/ssr-dom-shim": {
      "version": "1.5.1",
      "resolved": "https://registry.npmjs.org/@lit-labs/ssr-dom-shim/-/ssr-dom-shim-1.5.1.tgz",
      "integrity": "sha512-Aou5UdlSpr5whQe8AA/bZG0jMj96CoJIWbGfZ91qieWu5AWUMKw8VR/pAkQkJYvBNhmCcWnZlyyk5oze8JIqYA==",
      "license": "BSD-3-Clause"
    },
    "node_modules/@lit/context": {
      "version": "1.1.6",
      "resolved": "https://registry.npmjs.org/@lit/context/-/context-1.1.6.tgz",
      "integrity": "sha512-M26qDE6UkQbZA2mQ3RjJ3Gzd8TxP+/0obMgE5HfkfLhEEyYE3Bui4A5XHiGPjy0MUGAyxB3QgVuw2ciS0kHn6A==",
      "license": "BSD-3-Clause",
      "dependencies": {
        "@lit/reactive-element": "^1.6.2 || ^2.1.0"
      }
    },
    "node_modules/@lit/reactive-element": {
      "version": "2.1.2",
      "resolved": "https://registry.npmjs.org/@lit/reactive-element/-/reactive-element-2.1.2.tgz",
      "integrity": "sha512-pbCDiVMnne1lYUIaYNN5wrwQXDtHaYtg7YEFPeW+hws6U47WeFvISGUWekPGKWOP1ygrs0ef0o1VJMk1exos5A==",
      "license": "BSD-3-Clause",
      "dependencies": {
        "@lit-labs/ssr-dom-shim": "^1.5.0"
      }
    },
    "node_modules/@svta/cml-608": {
      "version": "1.0.1",
      "resolved": "https://registry.npmjs.org/@svta/cml-608/-/cml-608-1.0.1.tgz",
      "integrity": "sha512-Y/Ier9VPUSOBnf0bJqdDyTlPrt4dDB+jk5mYHa1bnD2kcRl8qn7KkW3PRuj4w1aVN+BS2eHmsLxodt7P2hylUg==",
      "license": "Apache-2.0",
      "engines": {
        "node": ">=20"
      }
    },
    "node_modules/@svta/cml-cmcd": {
      "version": "1.0.1",
      "resolved": "https://registry.npmjs.org/@svta/cml-cmcd/-/cml-cmcd-1.0.1.tgz",
      "integrity": "sha512-eox305g+QUJgXqOLVrbgxeQHCgl90ewwQ9O2bIoo7m+hanR8Xswu5CknFnT5qqIbLOHfw80ug+raycoAFHTQ+w==",
      "license": "Apache-2.0",
      "engines": {
        "node": ">=20"
      },
      "peerDependencies": {
        "@svta/cml-cta": "1.0.1",
        "@svta/cml-structured-field-values": "1.0.1",
        "@svta/cml-utils": "1.0.1"
      }
    },
    "node_modules/@svta/cml-cmsd": {
      "version": "1.0.1",
      "resolved": "https://registry.npmjs.org/@svta/cml-cmsd/-/cml-cmsd-1.0.1.tgz",
      "integrity": "sha512-+nIB8PuSfb/qw+xGaArPhNqPm84tBJUbe3H1DnPL5QUsjSUI7mUIUQwAtRV1ZdEu0+80g9i0op79woB0OIwr/g==",
      "license": "Apache-2.0",
      "engines": {
        "node": ">=20"
      },
      "peerDependencies": {
        "@svta/cml-cta": "1.0.1",
        "@svta/cml-structured-field-values": "1.0.1",
        "@svta/cml-utils": "1.0.1"
      }
    },
    "node_modules/@svta/cml-cta": {
      "version": "1.0.1",
      "resolved": "https://registry.npmjs.org/@svta/cml-cta/-/cml-cta-1.0.1.tgz",
      "integrity": "sha512-jcXqNIPv26bmFxIOFh8/c3+6WLH4qBjKpq9qTQcggDPoHuV1YBydMsJLOnYPDeK8rNMKcAkFLbnDRvyJthu5yw==",
      "license": "Apache-2.0",
      "peer": true,
      "engines": {
        "node": ">=20"
      },
      "peerDependencies": {
        "@svta/cml-structured-field-values": "1.0.1",
        "@svta/cml-utils": "1.0.1"
      }
    },
    "node_modules/@svta/cml-dash": {
      "version": "1.0.1",
      "resolved": "https://registry.npmjs.org/@svta/cml-dash/-/cml-dash-1.0.1.tgz",
      "integrity": "sha512-lYnD1I7FUbbQND+xICI+kcRaRXuT+whKk27R8m8me5VMVu2sMsAMc7Yui6l9sxw2cBKt8pSETPYRm/1+n4LZkw==",
      "license": "Apache-2.0",
      "engines": {
        "node": ">=20"
      },
      "peerDependencies": {
        "@svta/cml-utils": "1.0.1"
      }
    },
    "node_modules/@svta/cml-id3": {
      "version": "1.0.1",
      "resolved": "https://registry.npmjs.org/@svta/cml-id3/-/cml-id3-1.0.1.tgz",
      "integrity": "sha512-90fGlL1qRI88CcaB89k6NG6cC3kky4Eu2jwqU4HefqK+S5k2OASUxf8JXkGz+DsdaiY7sh51vGPYdolfBZS7ug==",
      "license": "Apache-2.0",
      "engines": {
        "node": ">=20"
      },
      "peerDependencies": {
        "@svta/cml-utils": "1.0.1"
      }
    },
    "node_modules/@svta/cml-request": {
      "version": "1.0.1",
      "resolved": "https://registry.npmjs.org/@svta/cml-request/-/cml-request-1.0.1.tgz",
      "integrity": "sha512-enL19BuXUjFkDDDF9jdNwUclMNPRsagnjGAetVC7xcmpDMpEx+ZLgsDip6BFNg5p6izSEk/OyujTWW1r8bDNiA==",
      "license": "Apache-2.0",
      "engines": {
        "node": ">=20"
      },
      "peerDependencies": {
        "@svta/cml-utils": "1.0.1",
        "@svta/cml-xml": "1.0.1"
      }
    },
    "node_modules/@svta/cml-structured-field-values": {
      "version": "1.0.1",
      "resolved": "https://registry.npmjs.org/@svta/cml-structured-field-values/-/cml-structured-field-values-1.0.1.tgz",
      "integrity": "sha512-Kibciki59Pon3Pn/sl5uyrbJcSpZQDKqdCfDrokBvOdLoqqcd0oFrkEPsZBiuuIODX1CB80612xe8hopeFDyBA==",
      "license": "Apache-2.0",
      "peer": true,
      "engines": {
        "node": ">=20"
      },
      "peerDependencies": {
        "@svta/cml-utils": "1.0.1"
      }
    },
    "node_modules/@svta/cml-utils": {
      "version": "1.0.1",
      "resolved": "https://registry.npmjs.org/@svta/cml-utils/-/cml-utils-1.0.1.tgz",
      "integrity": "sha512-kso3curTJfp00I1mKFoBliBApjn4aPE+wF8cPucf7TrSDVWZDeLLuF14ASmUE9m7rnrqTTK4878VvmXaXcCCfQ==",
      "license": "Apache-2.0",
      "peer": true,
      "engines": {
        "node": ">=20"
      }
    },
    "node_modules/@svta/cml-xml": {
      "version": "1.0.1",
      "resolved": "https://registry.npmjs.org/@svta/cml-xml/-/cml-xml-1.0.1.tgz",
      "integrity": "sha512-11LkJa5kDEcsRMWkVI1ABH3KLCxGoiSVe4kQ293ItVj8ncTTQ7htmCGiJDjS+Cmy35UgF3e/vc0ysJIiWRTx2g==",
      "license": "Apache-2.0",
      "peer": true,
      "engines": {
        "node": ">=20"
      },
      "peerDependencies": {
        "@svta/cml-utils": "1.0.1"
      }
    },
    "node_modules/@videojs/core": {
      "version": "10.0.0-beta.11",
      "resolved": "https://registry.npmjs.org/@videojs/core/-/core-10.0.0-beta.11.tgz",
      "integrity": "sha512-E4K3SvSQtztiP+UxumURNIXDMOPpTl6AbdWNizRhdDdohMZVI+ndv2QoZq91IS96ctKe/GtpATS+hBPgA/3grA==",
      "license": "Apache-2.0",
      "dependencies": {
        "@videojs/spf": "10.0.0-beta.11",
        "@videojs/store": "10.0.0-beta.11",
        "@videojs/utils": "10.0.0-beta.11",
        "dashjs": "^5.0.0",
        "hls.js": "^1.6.7"
      }
    },
    "node_modules/@videojs/element": {
      "version": "10.0.0-beta.11",
      "resolved": "https://registry.npmjs.org/@videojs/element/-/element-10.0.0-beta.11.tgz",
      "integrity": "sha512-yn+1I7Xd3fl2AyZdkEV2V8KYGAptXg4JtPQdyuMjTYnel+dFxcpEsrrjx+9G7ZQwycH9lHBIg8J3Pv1AYFZGYw==",
      "license": "Apache-2.0",
      "peer": true,
      "dependencies": {
        "@lit/context": "^1.1.0"
      }
    },
    "node_modules/@videojs/html": {
      "version": "10.0.0-beta.11",
      "resolved": "https://registry.npmjs.org/@videojs/html/-/html-10.0.0-beta.11.tgz",
      "integrity": "sha512-/9Zt+7gwSQ3pppyL8hAGcgHD2o2zqRnk0bR8viWyyjNfjpgQi3GRiyXvAfWLbDZP8WKOF6GVu2o4AyAlexVHNA==",
      "license": "Apache-2.0",
      "dependencies": {
        "@videojs/core": "10.0.0-beta.11",
        "@videojs/element": "10.0.0-beta.11",
        "@videojs/spf": "10.0.0-beta.11",
        "@videojs/store": "10.0.0-beta.11",
        "@videojs/utils": "10.0.0-beta.11"
      }
    },
    "node_modules/@videojs/http-streaming": {
      "version": "3.17.2",
      "resolved": "https://registry.npmjs.org/@videojs/http-streaming/-/http-streaming-3.17.2.tgz",
      "integrity": "sha512-VBQ3W4wnKnVKb/limLdtSD2rAd5cmHN70xoMf4OmuDd0t2kfJX04G+sfw6u2j8oOm2BXYM9E1f4acHruqKnM1g==",
      "license": "Apache-2.0",
      "dependencies": {
        "@babel/runtime": "^7.12.5",
        "@videojs/vhs-utils": "^4.1.1",
        "aes-decrypter": "^4.0.2",
        "global": "^4.4.0",
        "m3u8-parser": "^7.2.0",
        "mpd-parser": "^1.3.1",
        "mux.js": "7.1.0",
        "video.js": "^7 || ^8"
      },
      "engines": {
        "node": ">=8",
        "npm": ">=5"
      },
      "peerDependencies": {
        "video.js": "^8.19.0"
      }
    },
    "node_modules/@videojs/spf": {
      "version": "10.0.0-beta.11",
      "resolved": "https://registry.npmjs.org/@videojs/spf/-/spf-10.0.0-beta.11.tgz",
      "integrity": "sha512-3NInNjZdGeNY4wrx/3xEG4VbWPzc1iYp7GQiF/rN9QHHVtT32iEm8gLJekA6JoygkDi2CqDkmu02EG2O5BkKew==",
      "license": "Apache-2.0",
      "dependencies": {
        "@videojs/utils": "10.0.0-beta.11"
      }
    },
    "node_modules/@videojs/store": {
      "version": "10.0.0-beta.11",
      "resolved": "https://registry.npmjs.org/@videojs/store/-/store-10.0.0-beta.11.tgz",
      "integrity": "sha512-xG0eJ13MP6AxnoyClQlMNAw/UijQXjT0rUtd7xbo06rkfK36apev/YRZx4WMmliMavm5ZZcRUSOdV9JMUi+b3Q==",
      "license": "Apache-2.0",
      "dependencies": {
        "@videojs/utils": "10.0.0-beta.11"
      },
      "peerDependencies": {
        "@videojs/element": "10.0.0-beta.11",
        "react": "^18.0.0 || ^19.0.0"
      },
      "peerDependenciesMeta": {
        "@videojs/element": {
          "optional": true
        },
        "react": {
          "optional": true
        }
      }
    },
    "node_modules/@videojs/utils": {
      "version": "10.0.0-beta.11",
      "resolved": "https://registry.npmjs.org/@videojs/utils/-/utils-10.0.0-beta.11.tgz",
      "integrity": "sha512-uCba7vwQIJSSW0sN9fdnfom26Is/KLT8iZCyT3q7J/JaR8bdkkJA+nzz+2DklodHhrE2gxJjz/RF42Os8PGKeg==",
      "license": "Apache-2.0"
    },
    "node_modules/@videojs/vhs-utils": {
      "version": "4.1.1",
      "resolved": "https://registry.npmjs.org/@videojs/vhs-utils/-/vhs-utils-4.1.1.tgz",
      "integrity": "sha512-5iLX6sR2ownbv4Mtejw6Ax+naosGvoT9kY+gcuHzANyUZZ+4NpeNdKMUhb6ag0acYej1Y7cmr/F2+4PrggMiVA==",
      "license": "MIT",
      "dependencies": {
        "@babel/runtime": "^7.12.5",
        "global": "^4.4.0"
      },
      "engines": {
        "node": ">=8",
        "npm": ">=5"
      }
    },
    "node_modules/@videojs/xhr": {
      "version": "2.7.0",
      "resolved": "https://registry.npmjs.org/@videojs/xhr/-/xhr-2.7.0.tgz",
      "integrity": "sha512-giab+EVRanChIupZK7gXjHy90y3nncA2phIOyG3Ne5fvpiMJzvqYwiTOnEVW2S4CoYcuKJkomat7bMXA/UoUZQ==",
      "license": "MIT",
      "dependencies": {
        "@babel/runtime": "^7.5.5",
        "global": "~4.4.0",
        "is-function": "^1.0.1"
      }
    },
    "node_modules/@xmldom/xmldom": {
      "version": "0.8.11",
      "resolved": "https://registry.npmjs.org/@xmldom/xmldom/-/xmldom-0.8.11.tgz",
      "integrity": "sha512-cQzWCtO6C8TQiYl1ruKNn2U6Ao4o4WBBcbL61yJl84x+j5sOWWFU9X7DpND8XZG3daDppSsigMdfAIl2upQBRw==",
      "license": "MIT",
      "engines": {
        "node": ">=10.0.0"
      }
    },
    "node_modules/aes-decrypter": {
      "version": "4.0.2",
      "resolved": "https://registry.npmjs.org/aes-decrypter/-/aes-decrypter-4.0.2.tgz",
      "integrity": "sha512-lc+/9s6iJvuaRe5qDlMTpCFjnwpkeOXp8qP3oiZ5jsj1MRg+SBVUmmICrhxHvc8OELSmc+fEyyxAuppY6hrWzw==",
      "license": "Apache-2.0",
      "dependencies": {
        "@babel/runtime": "^7.12.5",
        "@videojs/vhs-utils": "^4.1.1",
        "global": "^4.4.0",
        "pkcs7": "^1.0.4"
      }
    },
    "node_modules/bcp-47": {
      "version": "2.1.0",
      "resolved": "https://registry.npmjs.org/bcp-47/-/bcp-47-2.1.0.tgz",
      "integrity": "sha512-9IIS3UPrvIa1Ej+lVDdDwO7zLehjqsaByECw0bu2RRGP73jALm6FYbzI5gWbgHLvNdkvfXB5YrSbocZdOS0c0w==",
      "license": "MIT",
      "dependencies": {
        "is-alphabetical": "^2.0.0",
        "is-alphanumerical": "^2.0.0",
        "is-decimal": "^2.0.0"
      },
      "funding": {
        "type": "github",
        "url": "https://github.com/sponsors/wooorm"
      }
    },
    "node_modules/bcp-47-match": {
      "version": "2.0.3",
      "resolved": "https://registry.npmjs.org/bcp-47-match/-/bcp-47-match-2.0.3.tgz",
      "integrity": "sha512-JtTezzbAibu8G0R9op9zb3vcWZd9JF6M0xOYGPn0fNCd7wOpRB1mU2mH9T8gaBGbAAyIIVgB2G7xG0GP98zMAQ==",
      "license": "MIT",
      "funding": {
        "type": "github",
        "url": "https://github.com/sponsors/wooorm"
      }
    },
    "node_modules/bcp-47-normalize": {
      "version": "2.3.0",
      "resolved": "https://registry.npmjs.org/bcp-47-normalize/-/bcp-47-normalize-2.3.0.tgz",
      "integrity": "sha512-8I/wfzqQvttUFz7HVJgIZ7+dj3vUaIyIxYXaTRP1YWoSDfzt6TUmxaKZeuXR62qBmYr+nvuWINFRl6pZ5DlN4Q==",
      "license": "MIT",
      "dependencies": {
        "bcp-47": "^2.0.0",
        "bcp-47-match": "^2.0.0"
      },
      "funding": {
        "type": "github",
        "url": "https://github.com/sponsors/wooorm"
      }
    },
    "node_modules/codem-isoboxer": {
      "version": "0.3.10",
      "resolved": "https://registry.npmjs.org/codem-isoboxer/-/codem-isoboxer-0.3.10.tgz",
      "integrity": "sha512-eNk3TRV+xQMJ1PEj0FQGY8KD4m0GPxT487XJ+Iftm7mVa9WpPFDMWqPt+46buiP5j5Wzqe5oMIhqBcAeKfygSA==",
      "license": "MIT"
    },
    "node_modules/dashjs": {
      "version": "5.1.1",
      "resolved": "https://registry.npmjs.org/dashjs/-/dashjs-5.1.1.tgz",
      "integrity": "sha512-BzNXlUgzEjhuZ5M5hlSp1qIyQHZ7NpXAR0loP9DAAFVZj/ntL1DHeZ7qp/L3bvI4rq50X5indkAZQ3zEHWJoCA==",
      "license": "BSD-3-Clause",
      "dependencies": {
        "@svta/cml-608": "1.0.1",
        "@svta/cml-cmcd": "1.0.1",
        "@svta/cml-cmsd": "1.0.1",
        "@svta/cml-dash": "1.0.1",
        "@svta/cml-id3": "1.0.1",
        "@svta/cml-request": "1.0.1",
        "@svta/cml-xml": "1.0.1",
        "bcp-47-match": "^2.0.3",
        "bcp-47-normalize": "^2.3.0",
        "codem-isoboxer": "0.3.10",
        "fast-deep-equal": "3.1.3",
        "html-entities": "^2.5.2",
        "imsc": "^1.1.5",
        "localforage": "^1.10.0",
        "path-browserify": "^1.0.1",
        "ua-parser-js": "^1.0.37"
      }
    },
    "node_modules/dom-walk": {
      "version": "0.1.2",
      "resolved": "https://registry.npmjs.org/dom-walk/-/dom-walk-0.1.2.tgz",
      "integrity": "sha512-6QvTW9mrGeIegrFXdtQi9pk7O/nSK6lSdXW2eqUspN5LWD7UTji2Fqw5V2YLjBpHEoU9Xl/eUWNpDeZvoyOv2w=="
    },
    "node_modules/fast-deep-equal": {
      "version": "3.1.3",
      "resolved": "https://registry.npmjs.org/fast-deep-equal/-/fast-deep-equal-3.1.3.tgz",
      "integrity": "sha512-f3qQ9oQy9j2AhBe/H9VC91wLmKBCCU/gDOnKNAYG5hswO7BLKj09Hc5HYNz9cGI++xlpDCIgDaitVs03ATR84Q==",
      "license": "MIT"
    },
    "node_modules/global": {
      "version": "4.4.0",
      "resolved": "https://registry.npmjs.org/global/-/global-4.4.0.tgz",
      "integrity": "sha512-wv/LAoHdRE3BeTGz53FAamhGlPLhlssK45usmGFThIi4XqnBmjKQ16u+RNbP7WvigRZDxUsM0J3gcQ5yicaL0w==",
      "license": "MIT",
      "dependencies": {
        "min-document": "^2.19.0",
        "process": "^0.11.10"
      }
    },
    "node_modules/hls.js": {
      "version": "1.6.15",
      "resolved": "https://registry.npmjs.org/hls.js/-/hls.js-1.6.15.tgz",
      "integrity": "sha512-E3a5VwgXimGHwpRGV+WxRTKeSp2DW5DI5MWv34ulL3t5UNmyJWCQ1KmLEHbYzcfThfXG8amBL+fCYPneGHC4VA==",
      "license": "Apache-2.0"
    },
    "node_modules/html-entities": {
      "version": "2.6.0",
      "resolved": "https://registry.npmjs.org/html-entities/-/html-entities-2.6.0.tgz",
      "integrity": "sha512-kig+rMn/QOVRvr7c86gQ8lWXq+Hkv6CbAH1hLu+RG338StTpE8Z0b44SDVaqVu7HGKf27frdmUYEs9hTUX/cLQ==",
      "funding": [
        {
          "type": "github",
          "url": "https://github.com/sponsors/mdevils"
        },
        {
          "type": "patreon",
          "url": "https://patreon.com/mdevils"
        }
      ],
      "license": "MIT"
    },
    "node_modules/immediate": {
      "version": "3.0.6",
      "resolved": "https://registry.npmjs.org/immediate/-/immediate-3.0.6.tgz",
      "integrity": "sha512-XXOFtyqDjNDAQxVfYxuF7g9Il/IbWmmlQg2MYKOH8ExIT1qg6xc4zyS3HaEEATgs1btfzxq15ciUiY7gjSXRGQ==",
      "license": "MIT"
    },
    "node_modules/imsc": {
      "version": "1.1.5",
      "resolved": "https://registry.npmjs.org/imsc/-/imsc-1.1.5.tgz",
      "integrity": "sha512-V8je+CGkcvGhgl2C1GlhqFFiUOIEdwXbXLiu1Fcubvvbo+g9inauqT3l0pNYXGoLPBj3jxtZz9t+wCopMkwadQ==",
      "license": "BSD-2-Clause",
      "dependencies": {
        "sax": "1.2.1"
      }
    },
    "node_modules/is-alphabetical": {
      "version": "2.0.1",
      "resolved": "https://registry.npmjs.org/is-alphabetical/-/is-alphabetical-2.0.1.tgz",
      "integrity": "sha512-FWyyY60MeTNyeSRpkM2Iry0G9hpr7/9kD40mD/cGQEuilcZYS4okz8SN2Q6rLCJ8gbCt6fN+rC+6tMGS99LaxQ==",
      "license": "MIT",
      "funding": {
        "type": "github",
        "url": "https://github.com/sponsors/wooorm"
      }
    },
    "node_modules/is-alphanumerical": {
      "version": "2.0.1",
      "resolved": "https://registry.npmjs.org/is-alphanumerical/-/is-alphanumerical-2.0.1.tgz",
      "integrity": "sha512-hmbYhX/9MUMF5uh7tOXyK/n0ZvWpad5caBA17GsC6vyuCqaWliRG5K1qS9inmUhEMaOBIW7/whAnSwveW/LtZw==",
      "license": "MIT",
      "dependencies": {
        "is-alphabetical": "^2.0.0",
        "is-decimal": "^2.0.0"
      },
      "funding": {
        "type": "github",
        "url": "https://github.com/sponsors/wooorm"
      }
    },
    "node_modules/is-decimal": {
      "version": "2.0.1",
      "resolved": "https://registry.npmjs.org/is-decimal/-/is-decimal-2.0.1.tgz",
      "integrity": "sha512-AAB9hiomQs5DXWcRB1rqsxGUstbRroFOPPVAomNk/3XHR5JyEZChOyTWe2oayKnsSsr/kcGqF+z6yuH6HHpN0A==",
      "license": "MIT",
      "funding": {
        "type": "github",
        "url": "https://github.com/sponsors/wooorm"
      }
    },
    "node_modules/is-function": {
      "version": "1.0.2",
      "resolved": "https://registry.npmjs.org/is-function/-/is-function-1.0.2.tgz",
      "integrity": "sha512-lw7DUp0aWXYg+CBCN+JKkcE0Q2RayZnSvnZBlwgxHBQhqt5pZNVy4Ri7H9GmmXkdu7LUthszM+Tor1u/2iBcpQ==",
      "license": "MIT"
    },
    "node_modules/lie": {
      "version": "3.1.1",
      "resolved": "https://registry.npmjs.org/lie/-/lie-3.1.1.tgz",
      "integrity": "sha512-RiNhHysUjhrDQntfYSfY4MU24coXXdEOgw9WGcKHNeEwffDYbF//u87M1EWaMGzuFoSbqW0C9C6lEEhDOAswfw==",
      "license": "MIT",
      "dependencies": {
        "immediate": "~3.0.5"
      }
    },
    "node_modules/localforage": {
      "version": "1.10.0",
      "resolved": "https://registry.npmjs.org/localforage/-/localforage-1.10.0.tgz",
      "integrity": "sha512-14/H1aX7hzBBmmh7sGPd+AOMkkIrHM3Z1PAyGgZigA1H1p5O5ANnMyWzvpAETtG68/dC4pC0ncy3+PPGzXZHPg==",
      "license": "Apache-2.0",
      "dependencies": {
        "lie": "3.1.1"
      }
    },
    "node_modules/m3u8-parser": {
      "version": "7.2.0",
      "resolved": "https://registry.npmjs.org/m3u8-parser/-/m3u8-parser-7.2.0.tgz",
      "integrity": "sha512-CRatFqpjVtMiMaKXxNvuI3I++vUumIXVVT/JpCpdU/FynV/ceVw1qpPyyBNindL+JlPMSesx+WX1QJaZEJSaMQ==",
      "license": "Apache-2.0",
      "dependencies": {
        "@babel/runtime": "^7.12.5",
        "@videojs/vhs-utils": "^4.1.1",
        "global": "^4.4.0"
      }
    },
    "node_modules/min-document": {
      "version": "2.19.2",
      "resolved": "https://registry.npmjs.org/min-document/-/min-document-2.19.2.tgz",
      "integrity": "sha512-8S5I8db/uZN8r9HSLFVWPdJCvYOejMcEC82VIzNUc6Zkklf/d1gg2psfE79/vyhWOj4+J8MtwmoOz3TmvaGu5A==",
      "license": "MIT",
      "dependencies": {
        "dom-walk": "^0.1.0"
      }
    },
    "node_modules/mpd-parser": {
      "version": "1.3.1",
      "resolved": "https://registry.npmjs.org/mpd-parser/-/mpd-parser-1.3.1.tgz",
      "integrity": "sha512-1FuyEWI5k2HcmhS1HkKnUAQV7yFPfXPht2DnRRGtoiiAAW+ESTbtEXIDpRkwdU+XyrQuwrIym7UkoPKsZ0SyFw==",
      "license": "Apache-2.0",
      "dependencies": {
        "@babel/runtime": "^7.12.5",
        "@videojs/vhs-utils": "^4.0.0",
        "@xmldom/xmldom": "^0.8.3",
        "global": "^4.4.0"
      },
      "bin": {
        "mpd-to-m3u8-json": "bin/parse.js"
      }
    },
    "node_modules/mux.js": {
      "version": "7.1.0",
      "resolved": "https://registry.npmjs.org/mux.js/-/mux.js-7.1.0.tgz",
      "integrity": "sha512-NTxawK/BBELJrYsZThEulyUMDVlLizKdxyAsMuzoCD1eFj97BVaA8D/CvKsKu6FOLYkFojN5CbM9h++ZTZtknA==",
      "license": "Apache-2.0",
      "dependencies": {
        "@babel/runtime": "^7.11.2",
        "global": "^4.4.0"
      },
      "bin": {
        "muxjs-transmux": "bin/transmux.js"
      },
      "engines": {
        "node": ">=8",
        "npm": ">=5"
      }
    },
    "node_modules/path-browserify": {
      "version": "1.0.1",
      "resolved": "https://registry.npmjs.org/path-browserify/-/path-browserify-1.0.1.tgz",
      "integrity": "sha512-b7uo2UCUOYZcnF/3ID0lulOJi/bafxa1xPe7ZPsammBSpjSWQkjNxlt635YGS2MiR9GjvuXCtz2emr3jbsz98g==",
      "license": "MIT"
    },
    "node_modules/pkcs7": {
      "version": "1.0.4",
      "resolved": "https://registry.npmjs.org/pkcs7/-/pkcs7-1.0.4.tgz",
      "integrity": "sha512-afRERtHn54AlwaF2/+LFszyAANTCggGilmcmILUzEjvs3XgFZT+xE6+QWQcAGmu4xajy+Xtj7acLOPdx5/eXWQ==",
      "license": "Apache-2.0",
      "dependencies": {
        "@babel/runtime": "^7.5.5"
      },
      "bin": {
        "pkcs7": "bin/cli.js"
      }
    },
    "node_modules/process": {
      "version": "0.11.10",
      "resolved": "https://registry.npmjs.org/process/-/process-0.11.10.tgz",
      "integrity": "sha512-cdGef/drWFoydD1JsMzuFf8100nZl+GT+yacc2bEced5f9Rjk4z+WtFUTBu9PhOi9j/jfmBPu0mMEY4wIdAF8A==",
      "license": "MIT",
      "engines": {
        "node": ">= 0.6.0"
      }
    },
    "node_modules/sax": {
      "version": "1.2.1",
      "resolved": "https://registry.npmjs.org/sax/-/sax-1.2.1.tgz",
      "integrity": "sha512-8I2a3LovHTOpm7NV5yOyO8IHqgVsfK4+UuySrXU8YXkSRX7k6hCV9b3HrkKCr3nMpgj+0bmocaJJWpvp1oc7ZA==",
      "license": "ISC"
    },
    "node_modules/ua-parser-js": {
      "version": "1.0.41",
      "resolved": "https://registry.npmjs.org/ua-parser-js/-/ua-parser-js-1.0.41.tgz",
      "integrity": "sha512-LbBDqdIC5s8iROCUjMbW1f5dJQTEFB1+KO9ogbvlb3nm9n4YHa5p4KTvFPWvh2Hs8gZMBuiB1/8+pdfe/tDPug==",
      "funding": [
        {
          "type": "opencollective",
          "url": "https://opencollective.com/ua-parser-js"
        },
        {
          "type": "paypal",
          "url": "https://paypal.me/faisalman"
        },
        {
          "type": "github",
          "url": "https://github.com/sponsors/faisalman"
        }
      ],
      "license": "MIT",
      "bin": {
        "ua-parser-js": "script/cli.js"
      },
      "engines": {
        "node": "*"
      }
    },
    "node_modules/video.js": {
      "version": "8.23.4",
      "resolved": "https://registry.npmjs.org/video.js/-/video.js-8.23.4.tgz",
      "integrity": "sha512-qI0VTlYmKzEqRsz1Nppdfcaww4RSxZAq77z2oNSl3cNg2h6do5C8Ffl0KqWQ1OpD8desWXsCrde7tKJ9gGTEyQ==",
      "license": "Apache-2.0",
      "peer": true,
      "dependencies": {
        "@babel/runtime": "^7.12.5",
        "@videojs/http-streaming": "^3.17.2",
        "@videojs/vhs-utils": "^4.1.1",
        "@videojs/xhr": "2.7.0",
        "aes-decrypter": "^4.0.2",
        "global": "4.4.0",
        "m3u8-parser": "^7.2.0",
        "mpd-parser": "^1.3.1",
        "mux.js": "^7.0.1",
        "videojs-contrib-quality-levels": "4.1.0",
        "videojs-font": "4.2.0",
        "videojs-vtt.js": "0.15.5"
      }
    },
    "node_modules/videojs-contrib-quality-levels": {
      "version": "4.1.0",
      "resolved": "https://registry.npmjs.org/videojs-contrib-quality-levels/-/videojs-contrib-quality-levels-4.1.0.tgz",
      "integrity": "sha512-TfrXJJg1Bv4t6TOCMEVMwF/CoS8iENYsWNKip8zfhB5kTcegiFYezEA0eHAJPU64ZC8NQbxQgOwAsYU8VXbOWA==",
      "license": "Apache-2.0",
      "dependencies": {
        "global": "^4.4.0"
      },
      "engines": {
        "node": ">=16",
        "npm": ">=8"
      },
      "peerDependencies": {
        "video.js": "^8"
      }
    },
    "node_modules/videojs-font": {
      "version": "4.2.0",
      "resolved": "https://registry.npmjs.org/videojs-font/-/videojs-font-4.2.0.tgz",
      "integrity": "sha512-YPq+wiKoGy2/M7ccjmlvwi58z2xsykkkfNMyIg4xb7EZQQNwB71hcSsB3o75CqQV7/y5lXkXhI/rsGAS7jfEmQ==",
      "license": "Apache-2.0"
    },
    "node_modules/videojs-vtt.js": {
      "version": "0.15.5",
      "resolved": "https://registry.npmjs.org/videojs-vtt.js/-/videojs-vtt.js-0.15.5.tgz",
      "integrity": "sha512-yZbBxvA7QMYn15Lr/ZfhhLPrNpI/RmCSCqgIff57GC2gIrV5YfyzLfLyZMj0NnZSAz8syB4N0nHXpZg9MyrMOQ==",
      "license": "Apache-2.0",
      "dependencies": {
        "global": "^4.3.1"
      }
    }
  }
}
